// !$*UTF8*$!
{
	archiveVersion = 1;
	classes = {
	};
	objectVersion = 48;
	objects = {

/* Begin PBXBuildFile section */
		D785BF4F21112AEC00BDA382 /* AppDelegate.m in Sources */ = {isa = PBXBuildFile; fileRef = D785BF4E21112AEC00BDA382 /* AppDelegate.m */; };
		D785BF5221112AEC00BDA382 /* ViewController.m in Sources */ = {isa = PBXBuildFile; fileRef = D785BF5121112AEC00BDA382 /* ViewController.m */; };
		D785BF5521112AEC00BDA382 /* Main.storyboard in Resources */ = {isa = PBXBuildFile; fileRef = D785BF5321112AEC00BDA382 /* Main.storyboard */; };
		D785BF5721112AEC00BDA382 /* Assets.xcassets in Resources */ = {isa = PBXBuildFile; fileRef = D785BF5621112AEC00BDA382 /* Assets.xcassets */; };
		D785BF5A21112AED00BDA382 /* LaunchScreen.storyboard in Resources */ = {isa = PBXBuildFile; fileRef = D785BF5821112AEC00BDA382 /* LaunchScreen.storyboard */; };
		D785BF5D21112AED00BDA382 /* main.m in Sources */ = {isa = PBXBuildFile; fileRef = D785BF5C21112AED00BDA382 /* main.m */; };
		D785BF6521119A9500BDA382 /* BloodTestConfig.m in Sources */ = {isa = PBXBuildFile; fileRef = D785BF6421119A9500BDA382 /* BloodTestConfig.m */; };
/* End PBXBuildFile section */

/* Begin PBXFileReference section */
		D785BF4A21112AEC00BDA382 /* HeartMe.app */ = {isa = PBXFileReference; explicitFileType = wrapper.application; includeInIndex = 0; path = HeartMe.app; sourceTree = BUILT_PRODUCTS_DIR; };
		D785BF4D21112AEC00BDA382 /* AppDelegate.h */ = {isa = PBXFileReference; lastKnownFileType = sourcecode.c.h; path = AppDelegate.h; sourceTree = "<group>"; };
		D785BF4E21112AEC00BDA382 /* AppDelegate.m */ = {isa = PBXFileReference; lastKnownFileType = sourcecode.c.objc; path = AppDelegate.m; sourceTree = "<group>"; };
		D785BF5021112AEC00BDA382 /* ViewController.h */ = {isa = PBXFileReference; lastKnownFileType = sourcecode.c.h; path = ViewController.h; sourceTree = "<group>"; };
		D785BF5121112AEC00BDA382 /* ViewController.m */ = {isa = PBXFileReference; lastKnownFileType = sourcecode.c.objc; path = ViewController.m; sourceTree = "<group>"; };
		D785BF5421112AEC00BDA382 /* Base */ = {isa = PBXFileReference; lastKnownFileType = file.storyboard; name = Base; path = Base.lproj/Main.storyboard; sourceTree = "<group>"; };
		D785BF5621112AEC00BDA382 /* Assets.xcassets */ = {isa = PBXFileReference; lastKnownFileType = folder.assetcatalog; path = Assets.xcassets; sourceTree = "<group>"; };
		D785BF5921112AEC00BDA382 /* Base */ = {isa = PBXFileReference; lastKnownFileType = file.storyboard; name = Base; path = Base.lproj/LaunchScreen.storyboard; sourceTree = "<group>"; };
		D785BF5B21112AED00BDA382 /* Info.plist */ = {isa = PBXFileReference; lastKnownFileType = text.plist.xml; path = Info.plist; sourceTree = "<group>"; };
		D785BF5C21112AED00BDA382 /* main.m */ = {isa = PBXFileReference; lastKnownFileType = sourcecode.c.objc; path = main.m; sourceTree = "<group>"; };
		D785BF6321119A9500BDA382 /* BloodTestConfig.h */ = {isa = PBXFileReference; lastKnownFileType = sourcecode.c.h; path = BloodTestConfig.h; sourceTree = "<group>"; };
		D785BF6421119A9500BDA382 /* BloodTestConfig.m */ = {isa = PBXFileReference; lastKnownFileType = sourcecode.c.objc; path = BloodTestConfig.m; sourceTree = "<group>"; };
/* End PBXFileReference section */

/* Begin PBXFrameworksBuildPhase section */
		D785BF4721112AEC00BDA382 /* Frameworks */ = {
			isa = PBXFrameworksBuildPhase;
			buildActionMask = 2147483647;
			files = (
			);
			runOnlyForDeploymentPostprocessing = 0;
		};
/* End PBXFrameworksBuildPhase section */

/* Begin PBXGroup section */
		D785BF4121112AEC00BDA382 = {
			isa = PBXGroup;
			children = (
				D785BF4C21112AEC00BDA382 /* HeartMe */,
				D785BF4B21112AEC00BDA382 /* Products */,
			);
			sourceTree = "<group>";
		};
		D785BF4B21112AEC00BDA382 /* Products */ = {
			isa = PBXGroup;
			children = (
				D785BF4A21112AEC00BDA382 /* HeartMe.app */,
			);
			name = Products;
			sourceTree = "<group>";
		};
		D785BF4C21112AEC00BDA382 /* HeartMe */ = {
			isa = PBXGroup;
			children = (
				D785BF4D21112AEC00BDA382 /* AppDelegate.h */,
				D785BF4E21112AEC00BDA382 /* AppDelegate.m */,
				D785BF5021112AEC00BDA382 /* ViewController.h */,
				D785BF5121112AEC00BDA382 /* ViewController.m */,
				D785BF6321119A9500BDA382 /* BloodTestConfig.h */,
				D785BF6421119A9500BDA382 /* BloodTestConfig.m */,
				D785BF5321112AEC00BDA382 /* Main.storyboard */,
				D785BF5621112AEC00BDA382 /* Assets.xcassets */,
				D785BF5821112AEC00BDA382 /* LaunchScreen.storyboard */,
				D785BF5B21112AED00BDA382 /* Info.plist */,
				D785BF5C21112AED00BDA382 /* main.m */,
			);
			path = HeartMe;
			sourceTree = "<group>";
		};
/* End PBXGroup section */

/* Begin PBXNativeTarget section */
		D785BF4921112AEC00BDA382 /* HeartMe */ = {
			isa = PBXNativeTarget;
			buildConfigurationList = D785BF6021112AED00BDA382 /* Build configuration list for PBXNativeTarget "HeartMe" */;
			buildPhases = (
				D785BF4621112AEC00BDA382 /* Sources */,
				D785BF4721112AEC00BDA382 /* Frameworks */,
				D785BF4821112AEC00BDA382 /* Resources */,
			);
			buildRules = (
			);
			dependencies = (
			);
			name = HeartMe;
			productName = HeartMe;
			productReference = D785BF4A21112AEC00BDA382 /* HeartMe.app */;
			productType = "com.apple.product-type.application";
		};
/* End PBXNativeTarget section */

/* Begin PBXProject section */
		D785BF4221112AEC00BDA382 /* Project object */ = {
			isa = PBXProject;
			attributes = {
				LastUpgradeCheck = 0920;
				ORGANIZATIONNAME = Ishay;
				TargetAttributes = {
					D785BF4921112AEC00BDA382 = {
						CreatedOnToolsVersion = 9.2;
						ProvisioningStyle = Automatic;
					};
				};
			};
			buildConfigurationList = D785BF4521112AEC00BDA382 /* Build configuration list for PBXProject "HeartMe" */;
			compatibilityVersion = "Xcode 8.0";
			developmentRegion = en;
			hasScannedForEncodings = 0;
			knownRegions = (
				en,
				Base,
			);
			mainGroup = D785BF4121112AEC00BDA382;
			productRefGroup = D785BF4B21112AEC00BDA382 /* Products */;
			projectDirPath = "";
			projectRoot = "";
			targets = (
				D785BF4921112AEC00BDA382 /* HeartMe */,
			);
		};
/* End PBXProject section */

/* Begin PBXResourcesBuildPhase section */
		D785BF4821112AEC00BDA382 /* Resources */ = {
			isa = PBXResourcesBuildPhase;
			buildActionMask = 2147483647;
			files = (
				D785BF5A21112AED00BDA382 /* LaunchScreen.storyboard in Resources */,
				D785BF5721112AEC00BDA382 /* Assets.xcassets in Resources */,
				D785BF5521112AEC00BDA382 /* Main.storyboard in Resources */,
			);
			runOnlyForDeploymentPostprocessing = 0;
		};
/* End PBXResourcesBuildPhase section */

/* Begin PBXSourcesBuildPhase section */
		D785BF4621112AEC00BDA382 /* Sources */ = {
			isa = PBXSourcesBuildPhase;
			buildActionMask = 2147483647;
			files = (
				D785BF5221112AEC00BDA382 /* ViewController.m in Sources */,
				D785BF5D21112AED00BDA382 /* main.m in Sources */,
				D785BF6521119A9500BDA382 /* BloodTestConfig.m in Sources */,
				D785BF4F21112AEC00BDA382 /* AppDelegate.m in Sources */,
			);
			runOnlyForDeploymentPostprocessing = 0;
		};
/* End PBXSourcesBuildPhase section */

/* Begin PBXVariantGroup section */
		D785BF5321112AEC00BDA382 /* Main.storyboard */ = {
			isa = PBXVariantGroup;
			children = (
				D785BF5421112AEC00BDA382 /* Base */,
			);
			name = Main.storyboard;
			sourceTree = "<group>";
		};
		D785BF5821112AEC00BDA382 /* LaunchScreen.storyboard */ = {
			isa = PBXVariantGroup;
			children = (
				D785BF5921112AEC00BDA382 /* Base */,
			);
			name = LaunchScreen.storyboard;
			sourceTree = "<group>";
		};
/* End PBXVariantGroup section */

/* Begin XCBuildConfiguration section */
		D785BF5E21112AED00BDA382 /* Debug */ = {
			isa = XCBuildConfiguration;
			buildSettings = {
				ALWAYS_SEARCH_USER_PATHS = NO;
				CLANG_ANALYZER_NONNULL = YES;
				CLANG_ANALYZER_NUMBER_OBJECT_CONVERSION = YES_AGGRESSIVE;
				CLANG_CXX_LANGUAGE_STANDARD = "gnu++14";
				CLANG_CXX_LIBRARY = "libc++";
				CLANG_ENABLE_MODULES = YES;
				CLANG_ENABLE_OBJC_ARC = YES;
				CLANG_WARN_BLOCK_CAPTURE_AUTORELEASING = YES;
				CLANG_WARN_BOOL_CONVERSION = YES;
				CLANG_WARN_COMMA = YES;
				CLANG_WARN_CONSTANT_CONVERSION = YES;
				CLANG_WARN_DIRECT_OBJC_ISA_USAGE = YES_ERROR;
				CLANG_WARN_DOCUMENTATION_COMMENTS = YES;
				CLANG_WARN_EMPTY_BODY = YES;
				CLANG_WARN_ENUM_CONVERSION = YES;
				CLANG_WARN_INFINITE_RECURSION = YES;
				CLANG_WARN_INT_CONVERSION = YES;
				CLANG_WARN_NON_LITERAL_NULL_CONVERSION = YES;
				CLANG_WARN_OBJC_LITERAL_CONVERSION = YES;
				CLANG_WARN_OBJC_ROOT_CLASS = YES_ERROR;
				CLANG_WARN_RANGE_LOOP_ANALYSIS = YES;
				CLANG_WARN_STRICT_PROTOTYPES = YES;
				CLANG_WARN_SUSPICIOUS_MOVE = YES;
				CLANG_WARN_UNGUARDED_AVAILABILITY = YES_AGGRESSIVE;
				CLANG_WARN_UNREACHABLE_CODE = YES;
				CLANG_WARN__DUPLICATE_METHOD_MATCH = YES;
				CODE_SIGN_IDENTITY = "iPhone Developer";
				COPY_PHASE_STRIP = NO;
				DEBUG_INFORMATION_FORMAT = dwarf;
				ENABLE_STRICT_OBJC_MSGSEND = YES;
				ENABLE_TESTABILITY = YES;
				GCC_C_LANGUAGE_STANDARD = gnu11;
				GCC_DYNAMIC_NO_PIC = NO;
				GCC_NO_COMMON_BLOCKS = YES;
				GCC_OPTIMIZATION_LEVEL = 0;
				GCC_PREPROCESSOR_DEFINITIONS = (
					"DEBUG=1",
					"$(inherited)",
				);
				GCC_WARN_64_TO_32_BIT_CONVERSION = YES;
				GCC_WARN_ABOUT_RETURN_TYPE = YES_ERROR;
				GCC_WARN_UNDECLARED_SELECTOR = YES;
				GCC_WARN_UNINITIALIZED_AUTOS = YES_AGGRESSIVE;
				GCC_WARN_UNUSED_FUNCTION = YES;
				GCC_WARN_UNUSED_VARIABLE = YES;
				IPHONEOS_DEPLOYMENT_TARGET = 11.2;
				MTL_ENABLE_DEBUG_INFO = YES;
				ONLY_ACTIVE_ARCH = YES;
				SDKROOT = iphoneos;
			};
			name = Debug;
		};
		D785BF5F21112AED00BDA382 /* Release */ = {
			isa = XCBuildConfiguration;
			buildSettings = {
				ALWAYS_SEARCH_USER_PATHS = NO;
				CLANG_ANALYZER_NONNULL = YES;
				CLANG_ANALYZER_NUMBER_OBJECT_CONVERSION = YES_AGGRESSIVE;
				CLANG_CXX_LANGUAGE_STANDARD = "gnu++14";
				CLANG_CXX_LIBRARY = "libc++";
				CLANG_ENABLE_MODULES = YES;
				CLANG_ENABLE_OBJC_ARC = YES;
				CLANG_WARN_BLOCK_CAPTURE_AUTORELEASING = YES;
				CLANG_WARN_BOOL_CONVERSION = YES;
				CLANG_WARN_COMMA = YES;
				CLANG_WARN_CONSTANT_CONVERSION = YES;
				CLANG_WARN_DIRECT_OBJC_ISA_USAGE = YES_ERROR;
				CLANG_WARN_DOCUMENTATION_COMMENTS = YES;
				CLANG_WARN_EMPTY_BODY = YES;
				CLANG_WARN_ENUM_CONVERSION = YES;
				CLANG_WARN_INFINITE_RECURSION = YES;
				CLANG_WARN_INT_CONVERSION = YES;
				CLANG_WARN_NON_LITERAL_NULL_CONVERSION = YES;
				CLANG_WARN_OBJC_LITERAL_CONVERSION = YES;
				CLANG_WARN_OBJC_ROOT_CLASS = YES_ERROR;
				CLANG_WARN_RANGE_LOOP_ANALYSIS = YES;
				CLANG_WARN_STRICT_PROTOTYPES = YES;
				CLANG_WARN_SUSPICIOUS_MOVE = YES;
				CLANG_WARN_UNGUARDED_AVAILABILITY = YES_AGGRESSIVE;
				CLANG_WARN_UNREACHABLE_CODE = YES;
				CLANG_WARN__DUPLICATE_METHOD_MATCH = YES;
				CODE_SIGN_IDENTITY = "iPhone Developer";
				COPY_PHASE_STRIP = NO;
				DEBUG_INFORMATION_FORMAT = "dwarf-with-dsym";
				ENABLE_NS_ASSERTIONS = NO;
				ENABLE_STRICT_OBJC_MSGSEND = YES;
				GCC_C_LANGUAGE_STANDARD = gnu11;
				GCC_NO_COMMON_BLOCKS = YES;
				GCC_WARN_64_TO_32_BIT_CONVERSION = YES;
				GCC_WARN_ABOUT_RETURN_TYPE = YES_ERROR;
				GCC_WARN_UNDECLARED_SELECTOR = YES;
				GCC_WARN_UNINITIALIZED_AUTOS = YES_AGGRESSIVE;
				GCC_WARN_UNUSED_FUNCTION = YES;
				GCC_WARN_UNUSED_VARIABLE = YES;
				IPHONEOS_DEPLOYMENT_TARGET = 11.2;
				MTL_ENABLE_DEBUG_INFO = NO;
				SDKROOT = iphoneos;
				VALIDATE_PRODUCT = YES;
			};
			name = Release;
		};
		D785BF6121112AED00BDA382 /* Debug */ = {
			isa = XCBuildConfiguration;
			buildSettings = {
				ASSETCATALOG_COMPILER_APPICON_NAME = AppIcon;
				CODE_SIGN_STYLE = Automatic;
				INFOPLIST_FILE = HeartMe/Info.plist;
				LD_RUNPATH_SEARCH_PATHS = "$(inherited) @executable_path/Frameworks";
				PRODUCT_BUNDLE_IDENTIFIER = com.ishay.HeartMe;
				PRODUCT_NAME = "$(TARGET_NAME)";
				TARGETED_DEVICE_FAMILY = "1,2";
			};
			name = Debug;
		};
		D785BF6221112AED00BDA382 /* Release */ = {
			isa = XCBuildConfiguration;
			buildSettings = {
				ASSETCATALOG_COMPILER_APPICON_NAME = AppIcon;
				CODE_SIGN_STYLE = Automatic;
				INFOPLIST_FILE = HeartMe/Info.plist;
				LD_RUNPATH_SEARCH_PATHS = "$(inherited) @executable_path/Frameworks";
				PRODUCT_BUNDLE_IDENTIFIER = com.ishay.HeartMe;
				PRODUCT_NAME = "$(TARGET_NAME)";
				TARGETED_DEVICE_FAMILY = "1,2";
			};
			name = Release;
		};
/* End XCBuildConfiguration section */

/* Begin XCConfigurationList section */
		D785BF4521112AEC00BDA382 /* Build configuration list for PBXProject "HeartMe" */ = {
			isa = XCConfigurationList;
			buildConfigurations = (
				D785BF5E21112AED00BDA382 /* Debug */,
				D785BF5F21112AED00BDA382 /* Release */,
			);
			defaultConfigurationIsVisible = 0;
			defaultConfigurationName = Release;
		};
		D785BF6021112AED00BDA382 /* Build configuration list for PBXNativeTarget "HeartMe" */ = {
			isa = XCConfigurationList;
			buildConfigurations = (
				D785BF6121112AED00BDA382 /* Debug */,
				D785BF6221112AED00BDA382 /* Release */,
			);
			defaultConfigurationIsVisible = 0;
			defaultConfigurationName = Release;
		};
/* End XCConfigurationList section */
	};
	rootObject = D785BF4221112AEC00BDA382 /* Project object */;
}
